
Microsoft Visual Studio Solution File, Format Version 12.00
# Visual Studio 15
VisualStudioVersion = 15.0.27004.2009
MinimumVisualStudioVersion = 10.0.40219.1
Project("{8BC9CEB8-8B4A-11D0-8D11-00A0C91BC942}") = "List", "List\List.vcxproj", "{90424734-6553-468B-9C0F-83A767968115}"
EndProject
Global
	GlobalSection(SolutionConfigurationPlatforms) = preSolution
		Debug|x64 = Debug|x64
		Debug|x86 = Debug|x86
		Release|x64 = Release|x64
		Release|x86 = Release|x86
	EndGlobalSection
	GlobalSection(ProjectConfigurationPlatforms) = postSolution
		{90424734-6553-468B-9C0F-83A767968115}.Debug|x64.ActiveCfg = Debug|x64
		{90424734-6553-468B-9C0F-83A767968115}.Debug|x64.Build.0 = Debug|x64
		{90424734-6553-468B-9C0F-83A767968115}.Debug|x86.ActiveCfg = Debug|Win32
		{90424734-6553-468B-9C0F-83A767968115}.Debug|x86.Build.0 = Debug|Win32
		{90424734-6553-468B-9C0F-83A767968115}.Release|x64.ActiveCfg = Release|x64
		{90424734-6553-468B-9C0F-83A767968115}.Release|x64.Build.0 = Release|x64
		{90424734-6553-468B-9C0F-83A767968115}.Release|x86.ActiveCfg = Release|Win32
		{90424734-6553-468B-9C0F-83A767968115}.Release|x86.Build.0 = Release|Win32
	EndGlobalSection
	GlobalSection(SolutionProperties) = preSolution
		HideSolutionNode = FALSE
	EndGlobalSection
	GlobalSection(ExtensibilityGlobals) = postSolution
		SolutionGuid = {4A0A3D55-F88A-47B4-87A0-1C0FA509C774}
	EndGlobalSection
EndGlobal
